Microsoft Visual Studio Solution File, Format Version 12.00
# Visual Studio 14
Project("{8BC9CEB8-8B4A-11D0-8D11-00A0C91BC942}") = "ALL_BUILD", "ALL_BUILD.vcxproj", "{F9CA3F99-DF33-3E1B-B98C-4B6214A45A86}"
	ProjectSection(ProjectDependencies) = postProject
		{AE2E9802-F78E-3336-BDEB-E475FC6631C7} = {AE2E9802-F78E-3336-BDEB-E475FC6631C7}
		{12915B52-D4E7-3BA4-92F2-5D1376F3A21B} = {12915B52-D4E7-3BA4-92F2-5D1376F3A21B}
	EndProjectSection
EndProject
Project("{8BC9CEB8-8B4A-11D0-8D11-00A0C91BC942}") = "Detector", "Detector.vcxproj", "{AE2E9802-F78E-3336-BDEB-E475FC6631C7}"
	ProjectSection(ProjectDependencies) = postProject
		{12915B52-D4E7-3BA4-92F2-5D1376F3A21B} = {12915B52-D4E7-3BA4-92F2-5D1376F3A21B}
	EndProjectSection
EndProject
Project("{8BC9CEB8-8B4A-11D0-8D11-00A0C91BC942}") = "INSTALL", "INSTALL.vcxproj", "{ABF27689-66D0-3424-8FEF-CEBFD6A6F649}"
	ProjectSection(ProjectDependencies) = postProject
		{F9CA3F99-DF33-3E1B-B98C-4B6214A45A86} = {F9CA3F99-DF33-3E1B-B98C-4B6214A45A86}
		{12915B52-D4E7-3BA4-92F2-5D1376F3A21B} = {12915B52-D4E7-3BA4-92F2-5D1376F3A21B}
	EndProjectSection
EndProject
Project("{8BC9CEB8-8B4A-11D0-8D11-00A0C91BC942}") = "ZERO_CHECK", "ZERO_CHECK.vcxproj", "{12915B52-D4E7-3BA4-92F2-5D1376F3A21B}"
	ProjectSection(ProjectDependencies) = postProject
	EndProjectSection
EndProject
Global
	GlobalSection(SolutionConfigurationPlatforms) = preSolution
		Debug|Win32 = Debug|Win32
		Release|Win32 = Release|Win32
		MinSizeRel|Win32 = MinSizeRel|Win32
		RelWithDebInfo|Win32 = RelWithDebInfo|Win32
	EndGlobalSection
	GlobalSection(ProjectConfigurationPlatforms) = postSolution
		{F9CA3F99-DF33-3E1B-B98C-4B6214A45A86}.Debug|Win32.ActiveCfg = Debug|Win32
		{F9CA3F99-DF33-3E1B-B98C-4B6214A45A86}.Debug|Win32.Build.0 = Debug|Win32
		{F9CA3F99-DF33-3E1B-B98C-4B6214A45A86}.Release|Win32.ActiveCfg = Release|Win32
		{F9CA3F99-DF33-3E1B-B98C-4B6214A45A86}.Release|Win32.Build.0 = Release|Win32
		{F9CA3F99-DF33-3E1B-B98C-4B6214A45A86}.MinSizeRel|Win32.ActiveCfg = MinSizeRel|Win32
		{F9CA3F99-DF33-3E1B-B98C-4B6214A45A86}.MinSizeRel|Win32.Build.0 = MinSizeRel|Win32
		{F9CA3F99-DF33-3E1B-B98C-4B6214A45A86}.RelWithDebInfo|Win32.ActiveCfg = RelWithDebInfo|Win32
		{F9CA3F99-DF33-3E1B-B98C-4B6214A45A86}.RelWithDebInfo|Win32.Build.0 = RelWithDebInfo|Win32
		{AE2E9802-F78E-3336-BDEB-E475FC6631C7}.Debug|Win32.ActiveCfg = Debug|Win32
		{AE2E9802-F78E-3336-BDEB-E475FC6631C7}.Debug|Win32.Build.0 = Debug|Win32
		{AE2E9802-F78E-3336-BDEB-E475FC6631C7}.Release|Win32.ActiveCfg = Release|Win32
		{AE2E9802-F78E-3336-BDEB-E475FC6631C7}.Release|Win32.Build.0 = Release|Win32
		{AE2E9802-F78E-3336-BDEB-E475FC6631C7}.MinSizeRel|Win32.ActiveCfg = MinSizeRel|Win32
		{AE2E9802-F78E-3336-BDEB-E475FC6631C7}.MinSizeRel|Win32.Build.0 = MinSizeRel|Win32
		{AE2E9802-F78E-3336-BDEB-E475FC6631C7}.RelWithDebInfo|Win32.ActiveCfg = RelWithDebInfo|Win32
		{AE2E9802-F78E-3336-BDEB-E475FC6631C7}.RelWithDebInfo|Win32.Build.0 = RelWithDebInfo|Win32
		{ABF27689-66D0-3424-8FEF-CEBFD6A6F649}.Debug|Win32.ActiveCfg = Debug|Win32
		{ABF27689-66D0-3424-8FEF-CEBFD6A6F649}.Release|Win32.ActiveCfg = Release|Win32
		{ABF27689-66D0-3424-8FEF-CEBFD6A6F649}.MinSizeRel|Win32.ActiveCfg = MinSizeRel|Win32
		{ABF27689-66D0-3424-8FEF-CEBFD6A6F649}.RelWithDebInfo|Win32.ActiveCfg = RelWithDebInfo|Win32
		{12915B52-D4E7-3BA4-92F2-5D1376F3A21B}.Debug|Win32.ActiveCfg = Debug|Win32
		{12915B52-D4E7-3BA4-92F2-5D1376F3A21B}.Debug|Win32.Build.0 = Debug|Win32
		{12915B52-D4E7-3BA4-92F2-5D1376F3A21B}.Release|Win32.ActiveCfg = Release|Win32
		{12915B52-D4E7-3BA4-92F2-5D1376F3A21B}.Release|Win32.Build.0 = Release|Win32
		{12915B52-D4E7-3BA4-92F2-5D1376F3A21B}.MinSizeRel|Win32.ActiveCfg = MinSizeRel|Win32
		{12915B52-D4E7-3BA4-92F2-5D1376F3A21B}.MinSizeRel|Win32.Build.0 = MinSizeRel|Win32
		{12915B52-D4E7-3BA4-92F2-5D1376F3A21B}.RelWithDebInfo|Win32.ActiveCfg = RelWithDebInfo|Win32
		{12915B52-D4E7-3BA4-92F2-5D1376F3A21B}.RelWithDebInfo|Win32.Build.0 = RelWithDebInfo|Win32
	EndGlobalSection
	GlobalSection(ExtensibilityGlobals) = postSolution
		SolutionGuid = {021648CC-41FB-3441-8CE2-1C5CA8ED1101}
	EndGlobalSection
	GlobalSection(ExtensibilityAddIns) = postSolution
	EndGlobalSection
EndGlobal
